
Microsoft Visual Studio Solution File, Format Version 12.00
# Visual Studio Version 17
VisualStudioVersion = 17.3.32929.385
MinimumVisualStudioVersion = 10.0.40219.1
Project("{8BC9CEB8-8B4A-11D0-8D11-00A0C91BC942}") = "Sandbox", "Sandbox\Sandbox.vcxproj", "{B546F77D-FA42-485F-928C-F1C2EC1B6307}"
EndProject
Project("{8BC9CEB8-8B4A-11D0-8D11-00A0C91BC942}") = "2SPIM131", "2SPIM131\2SPIM131.vcxproj", "{B781F1A5-1ECE-4A9F-8012-71D4985F51AA}"
EndProject
Global
	GlobalSection(SolutionConfigurationPlatforms) = preSolution
		Debug|x64 = Debug|x64
		Release|x64 = Release|x64
	EndGlobalSection
	GlobalSection(ProjectConfigurationPlatforms) = postSolution
		{B781F1A5-1ECE-4A9F-8012-71D4985F51AA}.Debug|x64.ActiveCfg = Debug|x64
		{B781F1A5-1ECE-4A9F-8012-71D4985F51AA}.Debug|x64.Build.0 = Debug|x64
		{B781F1A5-1ECE-4A9F-8012-71D4985F51AA}.Release|x64.ActiveCfg = Release|x64
		{B781F1A5-1ECE-4A9F-8012-71D4985F51AA}.Release|x64.Build.0 = Release|x64
		{B546F77D-FA42-485F-928C-F1C2EC1B6307}.Debug|x64.ActiveCfg = Debug|x64
		{B546F77D-FA42-485F-928C-F1C2EC1B6307}.Debug|x64.Build.0 = Debug|x64
		{B546F77D-FA42-485F-928C-F1C2EC1B6307}.Release|x64.ActiveCfg = Release|x64
		{B546F77D-FA42-485F-928C-F1C2EC1B6307}.Release|x64.Build.0 = Release|x64
	EndGlobalSection
	GlobalSection(SolutionProperties) = preSolution
		HideSolutionNode = FALSE
	EndGlobalSection
	GlobalSection(ExtensibilityGlobals) = postSolution
		SolutionGuid = {7AC1B0C5-BEC5-4DA3-AF80-4C31462B43DE}
	EndGlobalSection
EndGlobal
